
Microsoft Visual Studio Solution File, Format Version 12.00
# Visual Studio Version 17
VisualStudioVersion = 17.13.35919.96
MinimumVisualStudioVersion = 10.0.40219.1
Project("{FAE04EC0-301F-11D3-BF4B-00C04F79EFBC}") = "Teaghlach", "Teaghlach\Teaghlach.csproj", "{C7121DBA-7ECE-4A4F-AB6A-2A79534807F6}"
EndProject
Global
	GlobalSection(SolutionConfigurationPlatforms) = preSolution
		Debug|Any CPU = Debug|Any CPU
		Release|Any CPU = Release|Any CPU
	EndGlobalSection
	GlobalSection(ProjectConfigurationPlatforms) = postSolution
		{C7121DBA-7ECE-4A4F-AB6A-2A79534807F6}.Debug|Any CPU.ActiveCfg = Debug|Any CPU
		{C7121DBA-7ECE-4A4F-AB6A-2A79534807F6}.Debug|Any CPU.Build.0 = Debug|Any CPU
		{C7121DBA-7ECE-4A4F-AB6A-2A79534807F6}.Release|Any CPU.ActiveCfg = Release|Any CPU
		{C7121DBA-7ECE-4A4F-AB6A-2A79534807F6}.Release|Any CPU.Build.0 = Release|Any CPU
	EndGlobalSection
	GlobalSection(SolutionProperties) = preSolution
		HideSolutionNode = FALSE
	EndGlobalSection
	GlobalSection(ExtensibilityGlobals) = postSolution
		SolutionGuid = {FEF5B583-A02B-4271-81D3-D35FD432CCF6}
	EndGlobalSection
EndGlobal
